
Microsoft Visual Studio Solution File, Format Version 12.00
# Visual Studio Version 17
VisualStudioVersion = 17.5.33424.131
MinimumVisualStudioVersion = 10.0.40219.1
Project("{FAE04EC0-301F-11D3-BF4B-00C04F79EFBC}") = "HarryPotterF1", "HarryPotterF1.csproj", "{79CC020A-A39D-40DD-9022-8A2564B45837}"
EndProject
Global
	GlobalSection(SolutionConfigurationPlatforms) = preSolution
		Debug|Any CPU = Debug|Any CPU
		Release|Any CPU = Release|Any CPU
	EndGlobalSection
	GlobalSection(ProjectConfigurationPlatforms) = postSolution
		{79CC020A-A39D-40DD-9022-8A2564B45837}.Debug|Any CPU.ActiveCfg = Debug|Any CPU
		{79CC020A-A39D-40DD-9022-8A2564B45837}.Debug|Any CPU.Build.0 = Debug|Any CPU
		{79CC020A-A39D-40DD-9022-8A2564B45837}.Release|Any CPU.ActiveCfg = Release|Any CPU
		{79CC020A-A39D-40DD-9022-8A2564B45837}.Release|Any CPU.Build.0 = Release|Any CPU
	EndGlobalSection
	GlobalSection(SolutionProperties) = preSolution
		HideSolutionNode = FALSE
	EndGlobalSection
	GlobalSection(ExtensibilityGlobals) = postSolution
		SolutionGuid = {FA6A8A4A-A0FC-4FCB-A5C6-074AE8B668C0}
	EndGlobalSection
EndGlobal
